// !$*UTF8*$!
{
	archiveVersion = 1;
	classes = {
	};
	objectVersion = 55;
	objects = {

/* Begin PBXBuildFile section */
		1834E7FA276DFCE4002F9A35 /* ModalView.swift in Sources */ = {isa = PBXBuildFile; fileRef = 1834E7F9276DFCE4002F9A35 /* ModalView.swift */; };
		1834E802276E0EC0002F9A35 /* program.swift in Sources */ = {isa = PBXBuildFile; fileRef = 1834E801276E0EC0002F9A35 /* program.swift */; };
		1834E804276E18E2002F9A35 /* ListView.swift in Sources */ = {isa = PBXBuildFile; fileRef = 1834E803276E18E2002F9A35 /* ListView.swift */; };
		B0E91CD42766E1F3007A7272 /* UnsplashApp.swift in Sources */ = {isa = PBXBuildFile; fileRef = B0E91CD32766E1F3007A7272 /* UnsplashApp.swift */; };
		B0E91CD62766E1F3007A7272 /* ContentView.swift in Sources */ = {isa = PBXBuildFile; fileRef = B0E91CD52766E1F3007A7272 /* ContentView.swift */; };
		B0E91CD82766E1F4007A7272 /* Assets.xcassets in Resources */ = {isa = PBXBuildFile; fileRef = B0E91CD72766E1F4007A7272 /* Assets.xcassets */; };
		B0E91CDB2766E1F4007A7272 /* Preview Assets.xcassets in Resources */ = {isa = PBXBuildFile; fileRef = B0E91CDA2766E1F4007A7272 /* Preview Assets.xcassets */; };
		B0E91CE52766E1F4007A7272 /* UnsplashTests.swift in Sources */ = {isa = PBXBuildFile; fileRef = B0E91CE42766E1F4007A7272 /* UnsplashTests.swift */; };
		B0E91CEF2766E1F4007A7272 /* UnsplashUITests.swift in Sources */ = {isa = PBXBuildFile; fileRef = B0E91CEE2766E1F4007A7272 /* UnsplashUITests.swift */; };
		B0E91CF12766E1F4007A7272 /* UnsplashUITestsLaunchTests.swift in Sources */ = {isa = PBXBuildFile; fileRef = B0E91CF02766E1F4007A7272 /* UnsplashUITestsLaunchTests.swift */; };
		B0E91CFE2766E227007A7272 /* MediaResponse.swift in Sources */ = {isa = PBXBuildFile; fileRef = B0E91CFD2766E227007A7272 /* MediaResponse.swift */; };
		B0E91D012766E25C007A7272 /* Kingfisher in Frameworks */ = {isa = PBXBuildFile; productRef = B0E91D002766E25C007A7272 /* Kingfisher */; };
/* End PBXBuildFile section */

/* Begin PBXContainerItemProxy section */
		B0E91CE12766E1F4007A7272 /* PBXContainerItemProxy */ = {
			isa = PBXContainerItemProxy;
			containerPortal = B0E91CC82766E1F3007A7272 /* Project object */;
			proxyType = 1;
			remoteGlobalIDString = B0E91CCF2766E1F3007A7272;
			remoteInfo = Unsplash;
		};
		B0E91CEB2766E1F4007A7272 /* PBXContainerItemProxy */ = {
			isa = PBXContainerItemProxy;
			containerPortal = B0E91CC82766E1F3007A7272 /* Project object */;
			proxyType = 1;
			remoteGlobalIDString = B0E91CCF2766E1F3007A7272;
			remoteInfo = Unsplash;
		};
/* End PBXContainerItemProxy section */

/* Begin PBXFileReference section */
		1834E7F9276DFCE4002F9A35 /* ModalView.swift */ = {isa = PBXFileReference; lastKnownFileType = sourcecode.swift; path = ModalView.swift; sourceTree = "<group>"; };
		1834E801276E0EC0002F9A35 /* program.swift */ = {isa = PBXFileReference; lastKnownFileType = sourcecode.swift; path = program.swift; sourceTree = "<group>"; };
		1834E803276E18E2002F9A35 /* ListView.swift */ = {isa = PBXFileReference; lastKnownFileType = sourcecode.swift; path = ListView.swift; sourceTree = "<group>"; };
		B0E91CD02766E1F3007A7272 /* Unsplash.app */ = {isa = PBXFileReference; explicitFileType = wrapper.application; includeInIndex = 0; path = Unsplash.app; sourceTree = BUILT_PRODUCTS_DIR; };
		B0E91CD32766E1F3007A7272 /* UnsplashApp.swift */ = {isa = PBXFileReference; lastKnownFileType = sourcecode.swift; path = UnsplashApp.swift; sourceTree = "<group>"; };
		B0E91CD52766E1F3007A7272 /* ContentView.swift */ = {isa = PBXFileReference; lastKnownFileType = sourcecode.swift; path = ContentView.swift; sourceTree = "<group>"; };
		B0E91CD72766E1F4007A7272 /* Assets.xcassets */ = {isa = PBXFileReference; lastKnownFileType = folder.assetcatalog; path = Assets.xcassets; sourceTree = "<group>"; };
		B0E91CDA2766E1F4007A7272 /* Preview Assets.xcassets */ = {isa = PBXFileReference; lastKnownFileType = folder.assetcatalog; path = "Preview Assets.xcassets"; sourceTree = "<group>"; };
		B0E91CE02766E1F4007A7272 /* UnsplashTests.xctest */ = {isa = PBXFileReference; explicitFileType = wrapper.cfbundle; includeInIndex = 0; path = UnsplashTests.xctest; sourceTree = BUILT_PRODUCTS_DIR; };
		B0E91CE42766E1F4007A7272 /* UnsplashTests.swift */ = {isa = PBXFileReference; lastKnownFileType = sourcecode.swift; path = UnsplashTests.swift; sourceTree = "<group>"; };
		B0E91CEA2766E1F4007A7272 /* UnsplashUITests.xctest */ = {isa = PBXFileReference; explicitFileType = wrapper.cfbundle; includeInIndex = 0; path = UnsplashUITests.xctest; sourceTree = BUILT_PRODUCTS_DIR; };
		B0E91CEE2766E1F4007A7272 /* UnsplashUITests.swift */ = {isa = PBXFileReference; lastKnownFileType = sourcecode.swift; path = UnsplashUITests.swift; sourceTree = "<group>"; };
		B0E91CF02766E1F4007A7272 /* UnsplashUITestsLaunchTests.swift */ = {isa = PBXFileReference; lastKnownFileType = sourcecode.swift; path = UnsplashUITestsLaunchTests.swift; sourceTree = "<group>"; };
		B0E91CFD2766E227007A7272 /* MediaResponse.swift */ = {isa = PBXFileReference; lastKnownFileType = sourcecode.swift; path = MediaResponse.swift; sourceTree = "<group>"; };
/* End PBXFileReference section */

/* Begin PBXFrameworksBuildPhase section */
		B0E91CCD2766E1F3007A7272 /* Frameworks */ = {
			isa = PBXFrameworksBuildPhase;
			buildActionMask = 2147483647;
			files = (
				B0E91D012766E25C007A7272 /* Kingfisher in Frameworks */,
			);
			runOnlyForDeploymentPostprocessing = 0;
		};
		B0E91CDD2766E1F4007A7272 /* Frameworks */ = {
			isa = PBXFrameworksBuildPhase;
			buildActionMask = 2147483647;
			files = (
			);
			runOnlyForDeploymentPostprocessing = 0;
		};
		B0E91CE72766E1F4007A7272 /* Frameworks */ = {
			isa = PBXFrameworksBuildPhase;
			buildActionMask = 2147483647;
			files = (
			);
			runOnlyForDeploymentPostprocessing = 0;
		};
/* End PBXFrameworksBuildPhase section */

/* Begin PBXGroup section */
		1834E805276E1E21002F9A35 /* Views */ = {
			isa = PBXGroup;
			children = (
				B0E91CD52766E1F3007A7272 /* ContentView.swift */,
				1834E7F9276DFCE4002F9A35 /* ModalView.swift */,
				1834E803276E18E2002F9A35 /* ListView.swift */,
			);
			path = Views;
			sourceTree = "<group>";
		};
		1834E807276E1E7A002F9A35 /* Models */ = {
			isa = PBXGroup;
			children = (
				B0E91CFD2766E227007A7272 /* MediaResponse.swift */,
				1834E801276E0EC0002F9A35 /* program.swift */,
			);
			path = Models;
			sourceTree = "<group>";
		};
		B0E91CC72766E1F3007A7272 = {
			isa = PBXGroup;
			children = (
				1834E805276E1E21002F9A35 /* Views */,
				B0E91CD22766E1F3007A7272 /* Unsplash */,
				1834E807276E1E7A002F9A35 /* Models */,
				B0E91CE32766E1F4007A7272 /* UnsplashTests */,
				B0E91CED2766E1F4007A7272 /* UnsplashUITests */,
				B0E91CD12766E1F3007A7272 /* Products */,
			);
			sourceTree = "<group>";
		};
		B0E91CD12766E1F3007A7272 /* Products */ = {
			isa = PBXGroup;
			children = (
				B0E91CD02766E1F3007A7272 /* Unsplash.app */,
				B0E91CE02766E1F4007A7272 /* UnsplashTests.xctest */,
				B0E91CEA2766E1F4007A7272 /* UnsplashUITests.xctest */,
			);
			name = Products;
			sourceTree = "<group>";
		};
		B0E91CD22766E1F3007A7272 /* Unsplash */ = {
			isa = PBXGroup;
			children = (
				B0E91CD32766E1F3007A7272 /* UnsplashApp.swift */,
				B0E91CD72766E1F4007A7272 /* Assets.xcassets */,
				B0E91CD92766E1F4007A7272 /* Preview Content */,
			);
			path = Unsplash;
			sourceTree = "<group>";
		};
		B0E91CD92766E1F4007A7272 /* Preview Content */ = {
			isa = PBXGroup;
			children = (
				B0E91CDA2766E1F4007A7272 /* Preview Assets.xcassets */,
			);
			path = "Preview Content";
			sourceTree = "<group>";
		};
		B0E91CE32766E1F4007A7272 /* UnsplashTests */ = {
			isa = PBXGroup;
			children = (
				B0E91CE42766E1F4007A7272 /* UnsplashTests.swift */,
			);
			path = UnsplashTests;
			sourceTree = "<group>";
		};
		B0E91CED2766E1F4007A7272 /* UnsplashUITests */ = {
			isa = PBXGroup;
			children = (
				B0E91CEE2766E1F4007A7272 /* UnsplashUITests.swift */,
				B0E91CF02766E1F4007A7272 /* UnsplashUITestsLaunchTests.swift */,
			);
			path = UnsplashUITests;
			sourceTree = "<group>";
		};
/* End PBXGroup section */

/* Begin PBXNativeTarget section */
		B0E91CCF2766E1F3007A7272 /* Unsplash */ = {
			isa = PBXNativeTarget;
			buildConfigurationList = B0E91CF42766E1F4007A7272 /* Build configuration list for PBXNativeTarget "Unsplash" */;
			buildPhases = (
				B0E91CCC2766E1F3007A7272 /* Sources */,
				B0E91CCD2766E1F3007A7272 /* Frameworks */,
				B0E91CCE2766E1F3007A7272 /* Resources */,
			);
			buildRules = (
			);
			dependencies = (
			);
			name = Unsplash;
			packageProductDependencies = (
				B0E91D002766E25C007A7272 /* Kingfisher */,
			);
			productName = Unsplash;
			productReference = B0E91CD02766E1F3007A7272 /* Unsplash.app */;
			productType = "com.apple.product-type.application";
		};
		B0E91CDF2766E1F4007A7272 /* UnsplashTests */ = {
			isa = PBXNativeTarget;
			buildConfigurationList = B0E91CF72766E1F4007A7272 /* Build configuration list for PBXNativeTarget "UnsplashTests" */;
			buildPhases = (
				B0E91CDC2766E1F4007A7272 /* Sources */,
				B0E91CDD2766E1F4007A7272 /* Frameworks */,
				B0E91CDE2766E1F4007A7272 /* Resources */,
			);
			buildRules = (
			);
			dependencies = (
				B0E91CE22766E1F4007A7272 /* PBXTargetDependency */,
			);
			name = UnsplashTests;
			productName = UnsplashTests;
			productReference = B0E91CE02766E1F4007A7272 /* UnsplashTests.xctest */;
			productType = "com.apple.product-type.bundle.unit-test";
		};
		B0E91CE92766E1F4007A7272 /* UnsplashUITests */ = {
			isa = PBXNativeTarget;
			buildConfigurationList = B0E91CFA2766E1F4007A7272 /* Build configuration list for PBXNativeTarget "UnsplashUITests" */;
			buildPhases = (
				B0E91CE62766E1F4007A7272 /* Sources */,
				B0E91CE72766E1F4007A7272 /* Frameworks */,
				B0E91CE82766E1F4007A7272 /* Resources */,
			);
			buildRules = (
			);
			dependencies = (
				B0E91CEC2766E1F4007A7272 /* PBXTargetDependency */,
			);
			name = UnsplashUITests;
			productName = UnsplashUITests;
			productReference = B0E91CEA2766E1F4007A7272 /* UnsplashUITests.xctest */;
			productType = "com.apple.product-type.bundle.ui-testing";
		};
/* End PBXNativeTarget section */

/* Begin PBXProject section */
		B0E91CC82766E1F3007A7272 /* Project object */ = {
			isa = PBXProject;
			attributes = {
				BuildIndependentTargetsInParallel = 1;
				LastSwiftUpdateCheck = 1310;
				LastUpgradeCheck = 1310;
				TargetAttributes = {
					B0E91CCF2766E1F3007A7272 = {
						CreatedOnToolsVersion = 13.1;
					};
					B0E91CDF2766E1F4007A7272 = {
						CreatedOnToolsVersion = 13.1;
						TestTargetID = B0E91CCF2766E1F3007A7272;
					};
					B0E91CE92766E1F4007A7272 = {
						CreatedOnToolsVersion = 13.1;
						TestTargetID = B0E91CCF2766E1F3007A7272;
					};
				};
			};
			buildConfigurationList = B0E91CCB2766E1F3007A7272 /* Build configuration list for PBXProject "Unsplash" */;
			compatibilityVersion = "Xcode 13.0";
			developmentRegion = en;
			hasScannedForEncodings = 0;
			knownRegions = (
				en,
				Base,
			);
			mainGroup = B0E91CC72766E1F3007A7272;
			packageReferences = (
				B0E91CFF2766E25C007A7272 /* XCRemoteSwiftPackageReference "Kingfisher" */,
			);
			productRefGroup = B0E91CD12766E1F3007A7272 /* Products */;
			projectDirPath = "";
			projectRoot = "";
			targets = (
				B0E91CCF2766E1F3007A7272 /* Unsplash */,
				B0E91CDF2766E1F4007A7272 /* UnsplashTests */,
				B0E91CE92766E1F4007A7272 /* UnsplashUITests */,
			);
		};
/* End PBXProject section */

/* Begin PBXResourcesBuildPhase section */
		B0E91CCE2766E1F3007A7272 /* Resources */ = {
			isa = PBXResourcesBuildPhase;
			buildActionMask = 2147483647;
			files = (
				B0E91CDB2766E1F4007A7272 /* Preview Assets.xcassets in Resources */,
				B0E91CD82766E1F4007A7272 /* Assets.xcassets in Resources */,
			);
			runOnlyForDeploymentPostprocessing = 0;
		};
		B0E91CDE2766E1F4007A7272 /* Resources */ = {
			isa = PBXResourcesBuildPhase;
			buildActionMask = 2147483647;
			files = (
			);
			runOnlyForDeploymentPostprocessing = 0;
		};
		B0E91CE82766E1F4007A7272 /* Resources */ = {
			isa = PBXResourcesBuildPhase;
			buildActionMask = 2147483647;
			files = (
			);
			runOnlyForDeploymentPostprocessing = 0;
		};
/* End PBXResourcesBuildPhase section */

/* Begin PBXSourcesBuildPhase section */
		B0E91CCC2766E1F3007A7272 /* Sources */ = {
			isa = PBXSourcesBuildPhase;
			buildActionMask = 2147483647;
			files = (
				B0E91CD62766E1F3007A7272 /* ContentView.swift in Sources */,
				1834E802276E0EC0002F9A35 /* program.swift in Sources */,
				1834E804276E18E2002F9A35 /* ListView.swift in Sources */,
				B0E91CD42766E1F3007A7272 /* UnsplashApp.swift in Sources */,
				1834E7FA276DFCE4002F9A35 /* ModalView.swift in Sources */,
				B0E91CFE2766E227007A7272 /* MediaResponse.swift in Sources */,
			);
			runOnlyForDeploymentPostprocessing = 0;
		};
		B0E91CDC2766E1F4007A7272 /* Sources */ = {
			isa = PBXSourcesBuildPhase;
			buildActionMask = 2147483647;
			files = (
				B0E91CE52766E1F4007A7272 /* UnsplashTests.swift in Sources */,
			);
			runOnlyForDeploymentPostprocessing = 0;
		};
		B0E91CE62766E1F4007A7272 /* Sources */ = {
			isa = PBXSourcesBuildPhase;
			buildActionMask = 2147483647;
			files = (
				B0E91CF12766E1F4007A7272 /* UnsplashUITestsLaunchTests.swift in Sources */,
				B0E91CEF2766E1F4007A7272 /* UnsplashUITests.swift in Sources */,
			);
			runOnlyForDeploymentPostprocessing = 0;
		};
/* End PBXSourcesBuildPhase section */

/* Begin PBXTargetDependency section */
		B0E91CE22766E1F4007A7272 /* PBXTargetDependency */ = {
			isa = PBXTargetDependency;
			target = B0E91CCF2766E1F3007A7272 /* Unsplash */;
			targetProxy = B0E91CE12766E1F4007A7272 /* PBXContainerItemProxy */;
		};
		B0E91CEC2766E1F4007A7272 /* PBXTargetDependency */ = {
			isa = PBXTargetDependency;
			target = B0E91CCF2766E1F3007A7272 /* Unsplash */;
			targetProxy = B0E91CEB2766E1F4007A7272 /* PBXContainerItemProxy */;
		};
/* End PBXTargetDependency section */

/* Begin XCBuildConfiguration section */
		B0E91CF22766E1F4007A7272 /* Debug */ = {
			isa = XCBuildConfiguration;
			buildSettings = {
				ALWAYS_SEARCH_USER_PATHS = NO;
				CLANG_ANALYZER_NONNULL = YES;
				CLANG_ANALYZER_NUMBER_OBJECT_CONVERSION = YES_AGGRESSIVE;
				CLANG_CXX_LANGUAGE_STANDARD = "gnu++17";
				CLANG_CXX_LIBRARY = "libc++";
				CLANG_ENABLE_MODULES = YES;
				CLANG_ENABLE_OBJC_ARC = YES;
				CLANG_ENABLE_OBJC_WEAK = YES;
				CLANG_WARN_BLOCK_CAPTURE_AUTORELEASING = YES;
				CLANG_WARN_BOOL_CONVERSION = YES;
				CLANG_WARN_COMMA = YES;
				CLANG_WARN_CONSTANT_CONVERSION = YES;
				CLANG_WARN_DEPRECATED_OBJC_IMPLEMENTATIONS = YES;
				CLANG_WARN_DIRECT_OBJC_ISA_USAGE = YES_ERROR;
				CLANG_WARN_DOCUMENTATION_COMMENTS = YES;
				CLANG_WARN_EMPTY_BODY = YES;
				CLANG_WARN_ENUM_CONVERSION = YES;
				CLANG_WARN_INFINITE_RECURSION = YES;
				CLANG_WARN_INT_CONVERSION = YES;
				CLANG_WARN_NON_LITERAL_NULL_CONVERSION = YES;
				CLANG_WARN_OBJC_IMPLICIT_RETAIN_SELF = YES;
				CLANG_WARN_OBJC_LITERAL_CONVERSION = YES;
				CLANG_WARN_OBJC_ROOT_CLASS = YES_ERROR;
				CLANG_WARN_QUOTED_INCLUDE_IN_FRAMEWORK_HEADER = YES;
				CLANG_WARN_RANGE_LOOP_ANALYSIS = YES;
				CLANG_WARN_STRICT_PROTOTYPES = YES;
				CLANG_WARN_SUSPICIOUS_MOVE = YES;
				CLANG_WARN_UNGUARDED_AVAILABILITY = YES_AGGRESSIVE;
				CLANG_WARN_UNREACHABLE_CODE = YES;
				CLANG_WARN__DUPLICATE_METHOD_MATCH = YES;
				COPY_PHASE_STRIP = NO;
				DEBUG_INFORMATION_FORMAT = dwarf;
				ENABLE_STRICT_OBJC_MSGSEND = YES;
				ENABLE_TESTABILITY = YES;
				GCC_C_LANGUAGE_STANDARD = gnu11;
				GCC_DYNAMIC_NO_PIC = NO;
				GCC_NO_COMMON_BLOCKS = YES;
				GCC_OPTIMIZATION_LEVEL = 0;
				GCC_PREPROCESSOR_DEFINITIONS = (
					"DEBUG=1",
					"$(inherited)",
				);
				GCC_WARN_64_TO_32_BIT_CONVERSION = YES;
				GCC_WARN_ABOUT_RETURN_TYPE = YES_ERROR;
				GCC_WARN_UNDECLARED_SELECTOR = YES;
				GCC_WARN_UNINITIALIZED_AUTOS = YES_AGGRESSIVE;
				GCC_WARN_UNUSED_FUNCTION = YES;
				GCC_WARN_UNUSED_VARIABLE = YES;
				IPHONEOS_DEPLOYMENT_TARGET = 15.0;
				MTL_ENABLE_DEBUG_INFO = INCLUDE_SOURCE;
				MTL_FAST_MATH = YES;
				ONLY_ACTIVE_ARCH = YES;
				SDKROOT = iphoneos;
				SWIFT_ACTIVE_COMPILATION_CONDITIONS = DEBUG;
				SWIFT_OPTIMIZATION_LEVEL = "-Onone";
			};
			name = Debug;
		};
		B0E91CF32766E1F4007A7272 /* Release */ = {
			isa = XCBuildConfiguration;
			buildSettings = {
				ALWAYS_SEARCH_USER_PATHS = NO;
				CLANG_ANALYZER_NONNULL = YES;
				CLANG_ANALYZER_NUMBER_OBJECT_CONVERSION = YES_AGGRESSIVE;
				CLANG_CXX_LANGUAGE_STANDARD = "gnu++17";
				CLANG_CXX_LIBRARY = "libc++";
				CLANG_ENABLE_MODULES = YES;
				CLANG_ENABLE_OBJC_ARC = YES;
				CLANG_ENABLE_OBJC_WEAK = YES;
				CLANG_WARN_BLOCK_CAPTURE_AUTORELEASING = YES;
				CLANG_WARN_BOOL_CONVERSION = YES;
				CLANG_WARN_COMMA = YES;
				CLANG_WARN_CONSTANT_CONVERSION = YES;
				CLANG_WARN_DEPRECATED_OBJC_IMPLEMENTATIONS = YES;
				CLANG_WARN_DIRECT_OBJC_ISA_USAGE = YES_ERROR;
				CLANG_WARN_DOCUMENTATION_COMMENTS = YES;
				CLANG_WARN_EMPTY_BODY = YES;
				CLANG_WARN_ENUM_CONVERSION = YES;
				CLANG_WARN_INFINITE_RECURSION = YES;
				CLANG_WARN_INT_CONVERSION = YES;
				CLANG_WARN_NON_LITERAL_NULL_CONVERSION = YES;
				CLANG_WARN_OBJC_IMPLICIT_RETAIN_SELF = YES;
				CLANG_WARN_OBJC_LITERAL_CONVERSION = YES;
				CLANG_WARN_OBJC_ROOT_CLASS = YES_ERROR;
				CLANG_WARN_QUOTED_INCLUDE_IN_FRAMEWORK_HEADER = YES;
				CLANG_WARN_RANGE_LOOP_ANALYSIS = YES;
				CLANG_WARN_STRICT_PROTOTYPES = YES;
				CLANG_WARN_SUSPICIOUS_MOVE = YES;
				CLANG_WARN_UNGUARDED_AVAILABILITY = YES_AGGRESSIVE;
				CLANG_WARN_UNREACHABLE_CODE = YES;
				CLANG_WARN__DUPLICATE_METHOD_MATCH = YES;
				COPY_PHASE_STRIP = NO;
				DEBUG_INFORMATION_FORMAT = "dwarf-with-dsym";
				ENABLE_NS_ASSERTIONS = NO;
				ENABLE_STRICT_OBJC_MSGSEND = YES;
				GCC_C_LANGUAGE_STANDARD = gnu11;
				GCC_NO_COMMON_BLOCKS = YES;
				GCC_WARN_64_TO_32_BIT_CONVERSION = YES;
				GCC_WARN_ABOUT_RETURN_TYPE = YES_ERROR;
				GCC_WARN_UNDECLARED_SELECTOR = YES;
				GCC_WARN_UNINITIALIZED_AUTOS = YES_AGGRESSIVE;
				GCC_WARN_UNUSED_FUNCTION = YES;
				GCC_WARN_UNUSED_VARIABLE = YES;
				IPHONEOS_DEPLOYMENT_TARGET = 15.0;
				MTL_ENABLE_DEBUG_INFO = NO;
				MTL_FAST_MATH = YES;
				SDKROOT = iphoneos;
				SWIFT_COMPILATION_MODE = wholemodule;
				SWIFT_OPTIMIZATION_LEVEL = "-O";
				VALIDATE_PRODUCT = YES;
			};
			name = Release;
		};
		B0E91CF52766E1F4007A7272 /* Debug */ = {
			isa = XCBuildConfiguration;
			buildSettings = {
				ASSETCATALOG_COMPILER_APPICON_NAME = AppIcon;
				ASSETCATALOG_COMPILER_GLOBAL_ACCENT_COLOR_NAME = AccentColor;
				CODE_SIGN_STYLE = Automatic;
				CURRENT_PROJECT_VERSION = 1;
				DEVELOPMENT_ASSET_PATHS = "\"Unsplash/Preview Content\"";
				DEVELOPMENT_TEAM = KQDB2WLX2U;
				ENABLE_PREVIEWS = YES;
				GENERATE_INFOPLIST_FILE = YES;
				INFOPLIST_KEY_UIApplicationSceneManifest_Generation = YES;
				INFOPLIST_KEY_UIApplicationSupportsIndirectInputEvents = YES;
				INFOPLIST_KEY_UILaunchScreen_Generation = YES;
				INFOPLIST_KEY_UISupportedInterfaceOrientations_iPad = "UIInterfaceOrientationPortrait UIInterfaceOrientationPortraitUpsideDown UIInterfaceOrientationLandscapeLeft UIInterfaceOrientationLandscapeRight";
				INFOPLIST_KEY_UISupportedInterfaceOrientations_iPhone = "UIInterfaceOrientationPortrait UIInterfaceOrientationLandscapeLeft UIInterfaceOrientationLandscapeRight";
				LD_RUNPATH_SEARCH_PATHS = (
					"$(inherited)",
					"@executable_path/Frameworks",
				);
				MARKETING_VERSION = 1.0;
				PRODUCT_BUNDLE_IDENTIFIER = group7.Unsplash;
				PRODUCT_NAME = "$(TARGET_NAME)";
				SWIFT_EMIT_LOC_STRINGS = YES;
				SWIFT_VERSION = 5.0;
				TARGETED_DEVICE_FAMILY = "1,2";
			};
			name = Debug;
		};
		B0E91CF62766E1F4007A7272 /* Release */ = {
			isa = XCBuildConfiguration;
			buildSettings = {
				ASSETCATALOG_COMPILER_APPICON_NAME = AppIcon;
				ASSETCATALOG_COMPILER_GLOBAL_ACCENT_COLOR_NAME = AccentColor;
				CODE_SIGN_STYLE = Automatic;
				CURRENT_PROJECT_VERSION = 1;
				DEVELOPMENT_ASSET_PATHS = "\"Unsplash/Preview Content\"";
				DEVELOPMENT_TEAM = KQDB2WLX2U;
				ENABLE_PREVIEWS = YES;
				GENERATE_INFOPLIST_FILE = YES;
				INFOPLIST_KEY_UIApplicationSceneManifest_Generation = YES;
				INFOPLIST_KEY_UIApplicationSupportsIndirectInputEvents = YES;
				INFOPLIST_KEY_UILaunchScreen_Generation = YES;
				INFOPLIST_KEY_UISupportedInterfaceOrientations_iPad = "UIInterfaceOrientationPortrait UIInterfaceOrientationPortraitUpsideDown UIInterfaceOrientationLandscapeLeft UIInterfaceOrientationLandscapeRight";
				INFOPLIST_KEY_UISupportedInterfaceOrientations_iPhone = "UIInterfaceOrientationPortrait UIInterfaceOrientationLandscapeLeft UIInterfaceOrientationLandscapeRight";
				LD_RUNPATH_SEARCH_PATHS = (
					"$(inherited)",
					"@executable_path/Frameworks",
				);
				MARKETING_VERSION = 1.0;
				PRODUCT_BUNDLE_IDENTIFIER = group7.Unsplash;
				PRODUCT_NAME = "$(TARGET_NAME)";
				SWIFT_EMIT_LOC_STRINGS = YES;
				SWIFT_VERSION = 5.0;
				TARGETED_DEVICE_FAMILY = "1,2";
			};
			name = Release;
		};
		B0E91CF82766E1F4007A7272 /* Debug */ = {
			isa = XCBuildConfiguration;
			buildSettings = {
				ALWAYS_EMBED_SWIFT_STANDARD_LIBRARIES = YES;
				BUNDLE_LOADER = "$(TEST_HOST)";
				CODE_SIGN_STYLE = Automatic;
				CURRENT_PROJECT_VERSION = 1;
				GENERATE_INFOPLIST_FILE = YES;
				IPHONEOS_DEPLOYMENT_TARGET = 15.0;
				LD_RUNPATH_SEARCH_PATHS = (
					"$(inherited)",
					"@executable_path/Frameworks",
					"@loader_path/Frameworks",
				);
				MARKETING_VERSION = 1.0;
				PRODUCT_BUNDLE_IDENTIFIER = group7.UnsplashTests;
				PRODUCT_NAME = "$(TARGET_NAME)";
				SWIFT_EMIT_LOC_STRINGS = NO;
				SWIFT_VERSION = 5.0;
				TARGETED_DEVICE_FAMILY = "1,2";
				TEST_HOST = "$(BUILT_PRODUCTS_DIR)/Unsplash.app/Unsplash";
			};
			name = Debug;
		};
		B0E91CF92766E1F4007A7272 /* Release */ = {
			isa = XCBuildConfiguration;
			buildSettings = {
				ALWAYS_EMBED_SWIFT_STANDARD_LIBRARIES = YES;
				BUNDLE_LOADER = "$(TEST_HOST)";
				CODE_SIGN_STYLE = Automatic;
				CURRENT_PROJECT_VERSION = 1;
				GENERATE_INFOPLIST_FILE = YES;
				IPHONEOS_DEPLOYMENT_TARGET = 15.0;
				LD_RUNPATH_SEARCH_PATHS = (
					"$(inherited)",
					"@executable_path/Frameworks",
					"@loader_path/Frameworks",
				);
				MARKETING_VERSION = 1.0;
				PRODUCT_BUNDLE_IDENTIFIER = group7.UnsplashTests;
				PRODUCT_NAME = "$(TARGET_NAME)";
				SWIFT_EMIT_LOC_STRINGS = NO;
				SWIFT_VERSION = 5.0;
				TARGETED_DEVICE_FAMILY = "1,2";
				TEST_HOST = "$(BUILT_PRODUCTS_DIR)/Unsplash.app/Unsplash";
			};
			name = Release;
		};
		B0E91CFB2766E1F4007A7272 /* Debug */ = {
			isa = XCBuildConfiguration;
			buildSettings = {
				ALWAYS_EMBED_SWIFT_STANDARD_LIBRARIES = YES;
				CODE_SIGN_STYLE = Automatic;
				CURRENT_PROJECT_VERSION = 1;
				GENERATE_INFOPLIST_FILE = YES;
				LD_RUNPATH_SEARCH_PATHS = (
					"$(inherited)",
					"@executable_path/Frameworks",
					"@loader_path/Frameworks",
				);
				MARKETING_VERSION = 1.0;
				PRODUCT_BUNDLE_IDENTIFIER = group7.UnsplashUITests;
				PRODUCT_NAME = "$(TARGET_NAME)";
				SWIFT_EMIT_LOC_STRINGS = NO;
				SWIFT_VERSION = 5.0;
				TARGETED_DEVICE_FAMILY = "1,2";
				TEST_TARGET_NAME = Unsplash;
			};
			name = Debug;
		};
		B0E91CFC2766E1F4007A7272 /* Release */ = {
			isa = XCBuildConfiguration;
			buildSettings = {
				ALWAYS_EMBED_SWIFT_STANDARD_LIBRARIES = YES;
				CODE_SIGN_STYLE = Automatic;
				CURRENT_PROJECT_VERSION = 1;
				GENERATE_INFOPLIST_FILE = YES;
				LD_RUNPATH_SEARCH_PATHS = (
					"$(inherited)",
					"@executable_path/Frameworks",
					"@loader_path/Frameworks",
				);
				MARKETING_VERSION = 1.0;
				PRODUCT_BUNDLE_IDENTIFIER = group7.UnsplashUITests;
				PRODUCT_NAME = "$(TARGET_NAME)";
				SWIFT_EMIT_LOC_STRINGS = NO;
				SWIFT_VERSION = 5.0;
				TARGETED_DEVICE_FAMILY = "1,2";
				TEST_TARGET_NAME = Unsplash;
			};
			name = Release;
		};
/* End XCBuildConfiguration section */

/* Begin XCConfigurationList section */
		B0E91CCB2766E1F3007A7272 /* Build configuration list for PBXProject "Unsplash" */ = {
			isa = XCConfigurationList;
			buildConfigurations = (
				B0E91CF22766E1F4007A7272 /* Debug */,
				B0E91CF32766E1F4007A7272 /* Release */,
			);
			defaultConfigurationIsVisible = 0;
			defaultConfigurationName = Release;
		};
		B0E91CF42766E1F4007A7272 /* Build configuration list for PBXNativeTarget "Unsplash" */ = {
			isa = XCConfigurationList;
			buildConfigurations = (
				B0E91CF52766E1F4007A7272 /* Debug */,
				B0E91CF62766E1F4007A7272 /* Release */,
			);
			defaultConfigurationIsVisible = 0;
			defaultConfigurationName = Release;
		};
		B0E91CF72766E1F4007A7272 /* Build configuration list for PBXNativeTarget "UnsplashTests" */ = {
			isa = XCConfigurationList;
			buildConfigurations = (
				B0E91CF82766E1F4007A7272 /* Debug */,
				B0E91CF92766E1F4007A7272 /* Release */,
			);
			defaultConfigurationIsVisible = 0;
			defaultConfigurationName = Release;
		};
		B0E91CFA2766E1F4007A7272 /* Build configuration list for PBXNativeTarget "UnsplashUITests" */ = {
			isa = XCConfigurationList;
			buildConfigurations = (
				B0E91CFB2766E1F4007A7272 /* Debug */,
				B0E91CFC2766E1F4007A7272 /* Release */,
			);
			defaultConfigurationIsVisible = 0;
			defaultConfigurationName = Release;
		};
/* End XCConfigurationList section */

/* Begin XCRemoteSwiftPackageReference section */
		B0E91CFF2766E25C007A7272 /* XCRemoteSwiftPackageReference "Kingfisher" */ = {
			isa = XCRemoteSwiftPackageReference;
			repositoryURL = "https://github.com/onevcat/Kingfisher.git";
			requirement = {
				branch = master;
				kind = branch;
			};
		};
/* End XCRemoteSwiftPackageReference section */

/* Begin XCSwiftPackageProductDependency section */
		B0E91D002766E25C007A7272 /* Kingfisher */ = {
			isa = XCSwiftPackageProductDependency;
			package = B0E91CFF2766E25C007A7272 /* XCRemoteSwiftPackageReference "Kingfisher" */;
			productName = Kingfisher;
		};
/* End XCSwiftPackageProductDependency section */
	};
	rootObject = B0E91CC82766E1F3007A7272 /* Project object */;
}
