// !$*UTF8*$!
{
	archiveVersion = 1;
	classes = {
	};
	objectVersion = 55;
	objects = {

/* Begin PBXBuildFile section */
		B0C6E045274747830036C626 /* Tests_iOS.swift in Sources */ = {isa = PBXBuildFile; fileRef = B0C6E044274747830036C626 /* Tests_iOS.swift */; };
		B0C6E047274747830036C626 /* Tests_iOSLaunchTests.swift in Sources */ = {isa = PBXBuildFile; fileRef = B0C6E046274747830036C626 /* Tests_iOSLaunchTests.swift */; };
		B0C6E051274747830036C626 /* Tests_macOS.swift in Sources */ = {isa = PBXBuildFile; fileRef = B0C6E050274747830036C626 /* Tests_macOS.swift */; };
		B0C6E053274747830036C626 /* Tests_macOSLaunchTests.swift in Sources */ = {isa = PBXBuildFile; fileRef = B0C6E052274747830036C626 /* Tests_macOSLaunchTests.swift */; };
		B0C6E054274747830036C626 /* iOS_Programming_group7App.swift in Sources */ = {isa = PBXBuildFile; fileRef = B0C6E02C274747820036C626 /* iOS_Programming_group7App.swift */; };
		B0C6E055274747830036C626 /* iOS_Programming_group7App.swift in Sources */ = {isa = PBXBuildFile; fileRef = B0C6E02C274747820036C626 /* iOS_Programming_group7App.swift */; };
		B0C6E056274747830036C626 /* ContentView.swift in Sources */ = {isa = PBXBuildFile; fileRef = B0C6E02D274747820036C626 /* ContentView.swift */; };
		B0C6E057274747830036C626 /* ContentView.swift in Sources */ = {isa = PBXBuildFile; fileRef = B0C6E02D274747820036C626 /* ContentView.swift */; };
		B0C6E058274747830036C626 /* Assets.xcassets in Resources */ = {isa = PBXBuildFile; fileRef = B0C6E02E274747830036C626 /* Assets.xcassets */; };
		B0C6E059274747830036C626 /* Assets.xcassets in Resources */ = {isa = PBXBuildFile; fileRef = B0C6E02E274747830036C626 /* Assets.xcassets */; };
/* End PBXBuildFile section */

/* Begin PBXContainerItemProxy section */
		B0C6E041274747830036C626 /* PBXContainerItemProxy */ = {
			isa = PBXContainerItemProxy;
			containerPortal = B0C6E027274747820036C626 /* Project object */;
			proxyType = 1;
			remoteGlobalIDString = B0C6E032274747830036C626;
			remoteInfo = "iOS-Programming_group7 (iOS)";
		};
		B0C6E04D274747830036C626 /* PBXContainerItemProxy */ = {
			isa = PBXContainerItemProxy;
			containerPortal = B0C6E027274747820036C626 /* Project object */;
			proxyType = 1;
			remoteGlobalIDString = B0C6E038274747830036C626;
			remoteInfo = "iOS-Programming_group7 (macOS)";
		};
/* End PBXContainerItemProxy section */

/* Begin PBXFileReference section */
		B0C6E02C274747820036C626 /* iOS_Programming_group7App.swift */ = {isa = PBXFileReference; lastKnownFileType = sourcecode.swift; path = iOS_Programming_group7App.swift; sourceTree = "<group>"; };
		B0C6E02D274747820036C626 /* ContentView.swift */ = {isa = PBXFileReference; lastKnownFileType = sourcecode.swift; path = ContentView.swift; sourceTree = "<group>"; };
		B0C6E02E274747830036C626 /* Assets.xcassets */ = {isa = PBXFileReference; lastKnownFileType = folder.assetcatalog; path = Assets.xcassets; sourceTree = "<group>"; };
		B0C6E033274747830036C626 /* iOS-Programming_group7.app */ = {isa = PBXFileReference; explicitFileType = wrapper.application; includeInIndex = 0; path = "iOS-Programming_group7.app"; sourceTree = BUILT_PRODUCTS_DIR; };
		B0C6E039274747830036C626 /* iOS-Programming_group7.app */ = {isa = PBXFileReference; explicitFileType = wrapper.application; includeInIndex = 0; path = "iOS-Programming_group7.app"; sourceTree = BUILT_PRODUCTS_DIR; };
		B0C6E03B274747830036C626 /* macOS.entitlements */ = {isa = PBXFileReference; lastKnownFileType = text.plist.entitlements; path = macOS.entitlements; sourceTree = "<group>"; };
		B0C6E040274747830036C626 /* Tests iOS.xctest */ = {isa = PBXFileReference; explicitFileType = wrapper.cfbundle; includeInIndex = 0; path = "Tests iOS.xctest"; sourceTree = BUILT_PRODUCTS_DIR; };
		B0C6E044274747830036C626 /* Tests_iOS.swift */ = {isa = PBXFileReference; lastKnownFileType = sourcecode.swift; path = Tests_iOS.swift; sourceTree = "<group>"; };
		B0C6E046274747830036C626 /* Tests_iOSLaunchTests.swift */ = {isa = PBXFileReference; lastKnownFileType = sourcecode.swift; path = Tests_iOSLaunchTests.swift; sourceTree = "<group>"; };
		B0C6E04C274747830036C626 /* Tests macOS.xctest */ = {isa = PBXFileReference; explicitFileType = wrapper.cfbundle; includeInIndex = 0; path = "Tests macOS.xctest"; sourceTree = BUILT_PRODUCTS_DIR; };
		B0C6E050274747830036C626 /* Tests_macOS.swift */ = {isa = PBXFileReference; lastKnownFileType = sourcecode.swift; path = Tests_macOS.swift; sourceTree = "<group>"; };
		B0C6E052274747830036C626 /* Tests_macOSLaunchTests.swift */ = {isa = PBXFileReference; lastKnownFileType = sourcecode.swift; path = Tests_macOSLaunchTests.swift; sourceTree = "<group>"; };
/* End PBXFileReference section */

/* Begin PBXFrameworksBuildPhase section */
		B0C6E030274747830036C626 /* Frameworks */ = {
			isa = PBXFrameworksBuildPhase;
			buildActionMask = 2147483647;
			files = (
			);
			runOnlyForDeploymentPostprocessing = 0;
		};
		B0C6E036274747830036C626 /* Frameworks */ = {
			isa = PBXFrameworksBuildPhase;
			buildActionMask = 2147483647;
			files = (
			);
			runOnlyForDeploymentPostprocessing = 0;
		};
		B0C6E03D274747830036C626 /* Frameworks */ = {
			isa = PBXFrameworksBuildPhase;
			buildActionMask = 2147483647;
			files = (
			);
			runOnlyForDeploymentPostprocessing = 0;
		};
		B0C6E049274747830036C626 /* Frameworks */ = {
			isa = PBXFrameworksBuildPhase;
			buildActionMask = 2147483647;
			files = (
			);
			runOnlyForDeploymentPostprocessing = 0;
		};
/* End PBXFrameworksBuildPhase section */

/* Begin PBXGroup section */
		B0C6E026274747820036C626 = {
			isa = PBXGroup;
			children = (
				B0C6E02B274747820036C626 /* Shared */,
				B0C6E03A274747830036C626 /* macOS */,
				B0C6E043274747830036C626 /* Tests iOS */,
				B0C6E04F274747830036C626 /* Tests macOS */,
				B0C6E034274747830036C626 /* Products */,
			);
			sourceTree = "<group>";
		};
		B0C6E02B274747820036C626 /* Shared */ = {
			isa = PBXGroup;
			children = (
				B0C6E02C274747820036C626 /* iOS_Programming_group7App.swift */,
				B0C6E02D274747820036C626 /* ContentView.swift */,
				B0C6E02E274747830036C626 /* Assets.xcassets */,
			);
			path = Shared;
			sourceTree = "<group>";
		};
		B0C6E034274747830036C626 /* Products */ = {
			isa = PBXGroup;
			children = (
				B0C6E033274747830036C626 /* iOS-Programming_group7.app */,
				B0C6E039274747830036C626 /* iOS-Programming_group7.app */,
				B0C6E040274747830036C626 /* Tests iOS.xctest */,
				B0C6E04C274747830036C626 /* Tests macOS.xctest */,
			);
			name = Products;
			sourceTree = "<group>";
		};
		B0C6E03A274747830036C626 /* macOS */ = {
			isa = PBXGroup;
			children = (
				B0C6E03B274747830036C626 /* macOS.entitlements */,
			);
			path = macOS;
			sourceTree = "<group>";
		};
		B0C6E043274747830036C626 /* Tests iOS */ = {
			isa = PBXGroup;
			children = (
				B0C6E044274747830036C626 /* Tests_iOS.swift */,
				B0C6E046274747830036C626 /* Tests_iOSLaunchTests.swift */,
			);
			path = "Tests iOS";
			sourceTree = "<group>";
		};
		B0C6E04F274747830036C626 /* Tests macOS */ = {
			isa = PBXGroup;
			children = (
				B0C6E050274747830036C626 /* Tests_macOS.swift */,
				B0C6E052274747830036C626 /* Tests_macOSLaunchTests.swift */,
			);
			path = "Tests macOS";
			sourceTree = "<group>";
		};
/* End PBXGroup section */

/* Begin PBXNativeTarget section */
		B0C6E032274747830036C626 /* iOS-Programming_group7 (iOS) */ = {
			isa = PBXNativeTarget;
			buildConfigurationList = B0C6E05C274747830036C626 /* Build configuration list for PBXNativeTarget "iOS-Programming_group7 (iOS)" */;
			buildPhases = (
				B0C6E02F274747830036C626 /* Sources */,
				B0C6E030274747830036C626 /* Frameworks */,
				B0C6E031274747830036C626 /* Resources */,
			);
			buildRules = (
			);
			dependencies = (
			);
			name = "iOS-Programming_group7 (iOS)";
			productName = "iOS-Programming_group7 (iOS)";
			productReference = B0C6E033274747830036C626 /* iOS-Programming_group7.app */;
			productType = "com.apple.product-type.application";
		};
		B0C6E038274747830036C626 /* iOS-Programming_group7 (macOS) */ = {
			isa = PBXNativeTarget;
			buildConfigurationList = B0C6E05F274747830036C626 /* Build configuration list for PBXNativeTarget "iOS-Programming_group7 (macOS)" */;
			buildPhases = (
				B0C6E035274747830036C626 /* Sources */,
				B0C6E036274747830036C626 /* Frameworks */,
				B0C6E037274747830036C626 /* Resources */,
			);
			buildRules = (
			);
			dependencies = (
			);
			name = "iOS-Programming_group7 (macOS)";
			productName = "iOS-Programming_group7 (macOS)";
			productReference = B0C6E039274747830036C626 /* iOS-Programming_group7.app */;
			productType = "com.apple.product-type.application";
		};
		B0C6E03F274747830036C626 /* Tests iOS */ = {
			isa = PBXNativeTarget;
			buildConfigurationList = B0C6E062274747830036C626 /* Build configuration list for PBXNativeTarget "Tests iOS" */;
			buildPhases = (
				B0C6E03C274747830036C626 /* Sources */,
				B0C6E03D274747830036C626 /* Frameworks */,
				B0C6E03E274747830036C626 /* Resources */,
			);
			buildRules = (
			);
			dependencies = (
				B0C6E042274747830036C626 /* PBXTargetDependency */,
			);
			name = "Tests iOS";
			productName = "Tests iOS";
			productReference = B0C6E040274747830036C626 /* Tests iOS.xctest */;
			productType = "com.apple.product-type.bundle.ui-testing";
		};
		B0C6E04B274747830036C626 /* Tests macOS */ = {
			isa = PBXNativeTarget;
			buildConfigurationList = B0C6E065274747830036C626 /* Build configuration list for PBXNativeTarget "Tests macOS" */;
			buildPhases = (
				B0C6E048274747830036C626 /* Sources */,
				B0C6E049274747830036C626 /* Frameworks */,
				B0C6E04A274747830036C626 /* Resources */,
			);
			buildRules = (
			);
			dependencies = (
				B0C6E04E274747830036C626 /* PBXTargetDependency */,
			);
			name = "Tests macOS";
			productName = "Tests macOS";
			productReference = B0C6E04C274747830036C626 /* Tests macOS.xctest */;
			productType = "com.apple.product-type.bundle.ui-testing";
		};
/* End PBXNativeTarget section */

/* Begin PBXProject section */
		B0C6E027274747820036C626 /* Project object */ = {
			isa = PBXProject;
			attributes = {
				BuildIndependentTargetsInParallel = 1;
				LastSwiftUpdateCheck = 1310;
				LastUpgradeCheck = 1310;
				TargetAttributes = {
					B0C6E032274747830036C626 = {
						CreatedOnToolsVersion = 13.1;
					};
					B0C6E038274747830036C626 = {
						CreatedOnToolsVersion = 13.1;
					};
					B0C6E03F274747830036C626 = {
						CreatedOnToolsVersion = 13.1;
						TestTargetID = B0C6E032274747830036C626;
					};
					B0C6E04B274747830036C626 = {
						CreatedOnToolsVersion = 13.1;
						TestTargetID = B0C6E038274747830036C626;
					};
				};
			};
			buildConfigurationList = B0C6E02A274747820036C626 /* Build configuration list for PBXProject "iOS-Programming_group7" */;
			compatibilityVersion = "Xcode 13.0";
			developmentRegion = en;
			hasScannedForEncodings = 0;
			knownRegions = (
				en,
				Base,
			);
			mainGroup = B0C6E026274747820036C626;
			productRefGroup = B0C6E034274747830036C626 /* Products */;
			projectDirPath = "";
			projectRoot = "";
			targets = (
				B0C6E032274747830036C626 /* iOS-Programming_group7 (iOS) */,
				B0C6E038274747830036C626 /* iOS-Programming_group7 (macOS) */,
				B0C6E03F274747830036C626 /* Tests iOS */,
				B0C6E04B274747830036C626 /* Tests macOS */,
			);
		};
/* End PBXProject section */

/* Begin PBXResourcesBuildPhase section */
		B0C6E031274747830036C626 /* Resources */ = {
			isa = PBXResourcesBuildPhase;
			buildActionMask = 2147483647;
			files = (
				B0C6E058274747830036C626 /* Assets.xcassets in Resources */,
			);
			runOnlyForDeploymentPostprocessing = 0;
		};
		B0C6E037274747830036C626 /* Resources */ = {
			isa = PBXResourcesBuildPhase;
			buildActionMask = 2147483647;
			files = (
				B0C6E059274747830036C626 /* Assets.xcassets in Resources */,
			);
			runOnlyForDeploymentPostprocessing = 0;
		};
		B0C6E03E274747830036C626 /* Resources */ = {
			isa = PBXResourcesBuildPhase;
			buildActionMask = 2147483647;
			files = (
			);
			runOnlyForDeploymentPostprocessing = 0;
		};
		B0C6E04A274747830036C626 /* Resources */ = {
			isa = PBXResourcesBuildPhase;
			buildActionMask = 2147483647;
			files = (
			);
			runOnlyForDeploymentPostprocessing = 0;
		};
/* End PBXResourcesBuildPhase section */

/* Begin PBXSourcesBuildPhase section */
		B0C6E02F274747830036C626 /* Sources */ = {
			isa = PBXSourcesBuildPhase;
			buildActionMask = 2147483647;
			files = (
				B0C6E056274747830036C626 /* ContentView.swift in Sources */,
				B0C6E054274747830036C626 /* iOS_Programming_group7App.swift in Sources */,
			);
			runOnlyForDeploymentPostprocessing = 0;
		};
		B0C6E035274747830036C626 /* Sources */ = {
			isa = PBXSourcesBuildPhase;
			buildActionMask = 2147483647;
			files = (
				B0C6E057274747830036C626 /* ContentView.swift in Sources */,
				B0C6E055274747830036C626 /* iOS_Programming_group7App.swift in Sources */,
			);
			runOnlyForDeploymentPostprocessing = 0;
		};
		B0C6E03C274747830036C626 /* Sources */ = {
			isa = PBXSourcesBuildPhase;
			buildActionMask = 2147483647;
			files = (
				B0C6E047274747830036C626 /* Tests_iOSLaunchTests.swift in Sources */,
				B0C6E045274747830036C626 /* Tests_iOS.swift in Sources */,
			);
			runOnlyForDeploymentPostprocessing = 0;
		};
		B0C6E048274747830036C626 /* Sources */ = {
			isa = PBXSourcesBuildPhase;
			buildActionMask = 2147483647;
			files = (
				B0C6E053274747830036C626 /* Tests_macOSLaunchTests.swift in Sources */,
				B0C6E051274747830036C626 /* Tests_macOS.swift in Sources */,
			);
			runOnlyForDeploymentPostprocessing = 0;
		};
/* End PBXSourcesBuildPhase section */

/* Begin PBXTargetDependency section */
		B0C6E042274747830036C626 /* PBXTargetDependency */ = {
			isa = PBXTargetDependency;
			target = B0C6E032274747830036C626 /* iOS-Programming_group7 (iOS) */;
			targetProxy = B0C6E041274747830036C626 /* PBXContainerItemProxy */;
		};
		B0C6E04E274747830036C626 /* PBXTargetDependency */ = {
			isa = PBXTargetDependency;
			target = B0C6E038274747830036C626 /* iOS-Programming_group7 (macOS) */;
			targetProxy = B0C6E04D274747830036C626 /* PBXContainerItemProxy */;
		};
/* End PBXTargetDependency section */

/* Begin XCBuildConfiguration section */
		B0C6E05A274747830036C626 /* Debug */ = {
			isa = XCBuildConfiguration;
			buildSettings = {
				ALWAYS_SEARCH_USER_PATHS = NO;
				CLANG_ANALYZER_NONNULL = YES;
				CLANG_ANALYZER_NUMBER_OBJECT_CONVERSION = YES_AGGRESSIVE;
				CLANG_CXX_LANGUAGE_STANDARD = "gnu++17";
				CLANG_CXX_LIBRARY = "libc++";
				CLANG_ENABLE_MODULES = YES;
				CLANG_ENABLE_OBJC_ARC = YES;
				CLANG_ENABLE_OBJC_WEAK = YES;
				CLANG_WARN_BLOCK_CAPTURE_AUTORELEASING = YES;
				CLANG_WARN_BOOL_CONVERSION = YES;
				CLANG_WARN_COMMA = YES;
				CLANG_WARN_CONSTANT_CONVERSION = YES;
				CLANG_WARN_DEPRECATED_OBJC_IMPLEMENTATIONS = YES;
				CLANG_WARN_DIRECT_OBJC_ISA_USAGE = YES_ERROR;
				CLANG_WARN_DOCUMENTATION_COMMENTS = YES;
				CLANG_WARN_EMPTY_BODY = YES;
				CLANG_WARN_ENUM_CONVERSION = YES;
				CLANG_WARN_INFINITE_RECURSION = YES;
				CLANG_WARN_INT_CONVERSION = YES;
				CLANG_WARN_NON_LITERAL_NULL_CONVERSION = YES;
				CLANG_WARN_OBJC_IMPLICIT_RETAIN_SELF = YES;
				CLANG_WARN_OBJC_LITERAL_CONVERSION = YES;
				CLANG_WARN_OBJC_ROOT_CLASS = YES_ERROR;
				CLANG_WARN_QUOTED_INCLUDE_IN_FRAMEWORK_HEADER = YES;
				CLANG_WARN_RANGE_LOOP_ANALYSIS = YES;
				CLANG_WARN_STRICT_PROTOTYPES = YES;
				CLANG_WARN_SUSPICIOUS_MOVE = YES;
				CLANG_WARN_UNGUARDED_AVAILABILITY = YES_AGGRESSIVE;
				CLANG_WARN_UNREACHABLE_CODE = YES;
				CLANG_WARN__DUPLICATE_METHOD_MATCH = YES;
				COPY_PHASE_STRIP = NO;
				DEBUG_INFORMATION_FORMAT = dwarf;
				ENABLE_STRICT_OBJC_MSGSEND = YES;
				ENABLE_TESTABILITY = YES;
				GCC_C_LANGUAGE_STANDARD = gnu11;
				GCC_DYNAMIC_NO_PIC = NO;
				GCC_NO_COMMON_BLOCKS = YES;
				GCC_OPTIMIZATION_LEVEL = 0;
				GCC_PREPROCESSOR_DEFINITIONS = (
					"DEBUG=1",
					"$(inherited)",
				);
				GCC_WARN_64_TO_32_BIT_CONVERSION = YES;
				GCC_WARN_ABOUT_RETURN_TYPE = YES_ERROR;
				GCC_WARN_UNDECLARED_SELECTOR = YES;
				GCC_WARN_UNINITIALIZED_AUTOS = YES_AGGRESSIVE;
				GCC_WARN_UNUSED_FUNCTION = YES;
				GCC_WARN_UNUSED_VARIABLE = YES;
				MTL_ENABLE_DEBUG_INFO = INCLUDE_SOURCE;
				MTL_FAST_MATH = YES;
				ONLY_ACTIVE_ARCH = YES;
				SWIFT_ACTIVE_COMPILATION_CONDITIONS = DEBUG;
				SWIFT_OPTIMIZATION_LEVEL = "-Onone";
			};
			name = Debug;
		};
		B0C6E05B274747830036C626 /* Release */ = {
			isa = XCBuildConfiguration;
			buildSettings = {
				ALWAYS_SEARCH_USER_PATHS = NO;
				CLANG_ANALYZER_NONNULL = YES;
				CLANG_ANALYZER_NUMBER_OBJECT_CONVERSION = YES_AGGRESSIVE;
				CLANG_CXX_LANGUAGE_STANDARD = "gnu++17";
				CLANG_CXX_LIBRARY = "libc++";
				CLANG_ENABLE_MODULES = YES;
				CLANG_ENABLE_OBJC_ARC = YES;
				CLANG_ENABLE_OBJC_WEAK = YES;
				CLANG_WARN_BLOCK_CAPTURE_AUTORELEASING = YES;
				CLANG_WARN_BOOL_CONVERSION = YES;
				CLANG_WARN_COMMA = YES;
				CLANG_WARN_CONSTANT_CONVERSION = YES;
				CLANG_WARN_DEPRECATED_OBJC_IMPLEMENTATIONS = YES;
				CLANG_WARN_DIRECT_OBJC_ISA_USAGE = YES_ERROR;
				CLANG_WARN_DOCUMENTATION_COMMENTS = YES;
				CLANG_WARN_EMPTY_BODY = YES;
				CLANG_WARN_ENUM_CONVERSION = YES;
				CLANG_WARN_INFINITE_RECURSION = YES;
				CLANG_WARN_INT_CONVERSION = YES;
				CLANG_WARN_NON_LITERAL_NULL_CONVERSION = YES;
				CLANG_WARN_OBJC_IMPLICIT_RETAIN_SELF = YES;
				CLANG_WARN_OBJC_LITERAL_CONVERSION = YES;
				CLANG_WARN_OBJC_ROOT_CLASS = YES_ERROR;
				CLANG_WARN_QUOTED_INCLUDE_IN_FRAMEWORK_HEADER = YES;
				CLANG_WARN_RANGE_LOOP_ANALYSIS = YES;
				CLANG_WARN_STRICT_PROTOTYPES = YES;
				CLANG_WARN_SUSPICIOUS_MOVE = YES;
				CLANG_WARN_UNGUARDED_AVAILABILITY = YES_AGGRESSIVE;
				CLANG_WARN_UNREACHABLE_CODE = YES;
				CLANG_WARN__DUPLICATE_METHOD_MATCH = YES;
				COPY_PHASE_STRIP = NO;
				DEBUG_INFORMATION_FORMAT = "dwarf-with-dsym";
				ENABLE_NS_ASSERTIONS = NO;
				ENABLE_STRICT_OBJC_MSGSEND = YES;
				GCC_C_LANGUAGE_STANDARD = gnu11;
				GCC_NO_COMMON_BLOCKS = YES;
				GCC_WARN_64_TO_32_BIT_CONVERSION = YES;
				GCC_WARN_ABOUT_RETURN_TYPE = YES_ERROR;
				GCC_WARN_UNDECLARED_SELECTOR = YES;
				GCC_WARN_UNINITIALIZED_AUTOS = YES_AGGRESSIVE;
				GCC_WARN_UNUSED_FUNCTION = YES;
				GCC_WARN_UNUSED_VARIABLE = YES;
				MTL_ENABLE_DEBUG_INFO = NO;
				MTL_FAST_MATH = YES;
				SWIFT_COMPILATION_MODE = wholemodule;
				SWIFT_OPTIMIZATION_LEVEL = "-O";
			};
			name = Release;
		};
		B0C6E05D274747830036C626 /* Debug */ = {
			isa = XCBuildConfiguration;
			buildSettings = {
				ASSETCATALOG_COMPILER_APPICON_NAME = AppIcon;
				ASSETCATALOG_COMPILER_GLOBAL_ACCENT_COLOR_NAME = AccentColor;
				CODE_SIGN_STYLE = Automatic;
				CURRENT_PROJECT_VERSION = 1;
				ENABLE_PREVIEWS = YES;
				GENERATE_INFOPLIST_FILE = YES;
				INFOPLIST_KEY_UIApplicationSceneManifest_Generation = YES;
				INFOPLIST_KEY_UIApplicationSupportsIndirectInputEvents = YES;
				INFOPLIST_KEY_UILaunchScreen_Generation = YES;
				INFOPLIST_KEY_UISupportedInterfaceOrientations_iPad = "UIInterfaceOrientationPortrait UIInterfaceOrientationPortraitUpsideDown UIInterfaceOrientationLandscapeLeft UIInterfaceOrientationLandscapeRight";
				INFOPLIST_KEY_UISupportedInterfaceOrientations_iPhone = "UIInterfaceOrientationPortrait UIInterfaceOrientationLandscapeLeft UIInterfaceOrientationLandscapeRight";
				IPHONEOS_DEPLOYMENT_TARGET = 15.0;
				LD_RUNPATH_SEARCH_PATHS = (
					"$(inherited)",
					"@executable_path/Frameworks",
				);
				MARKETING_VERSION = 1.0;
				PRODUCT_BUNDLE_IDENTIFIER = "group7.iOS-Programming-group7";
				PRODUCT_NAME = "iOS-Programming_group7";
				SDKROOT = iphoneos;
				SWIFT_EMIT_LOC_STRINGS = YES;
				SWIFT_VERSION = 5.0;
				TARGETED_DEVICE_FAMILY = "1,2";
			};
			name = Debug;
		};
		B0C6E05E274747830036C626 /* Release */ = {
			isa = XCBuildConfiguration;
			buildSettings = {
				ASSETCATALOG_COMPILER_APPICON_NAME = AppIcon;
				ASSETCATALOG_COMPILER_GLOBAL_ACCENT_COLOR_NAME = AccentColor;
				CODE_SIGN_STYLE = Automatic;
				CURRENT_PROJECT_VERSION = 1;
				ENABLE_PREVIEWS = YES;
				GENERATE_INFOPLIST_FILE = YES;
				INFOPLIST_KEY_UIApplicationSceneManifest_Generation = YES;
				INFOPLIST_KEY_UIApplicationSupportsIndirectInputEvents = YES;
				INFOPLIST_KEY_UILaunchScreen_Generation = YES;
				INFOPLIST_KEY_UISupportedInterfaceOrientations_iPad = "UIInterfaceOrientationPortrait UIInterfaceOrientationPortraitUpsideDown UIInterfaceOrientationLandscapeLeft UIInterfaceOrientationLandscapeRight";
				INFOPLIST_KEY_UISupportedInterfaceOrientations_iPhone = "UIInterfaceOrientationPortrait UIInterfaceOrientationLandscapeLeft UIInterfaceOrientationLandscapeRight";
				IPHONEOS_DEPLOYMENT_TARGET = 15.0;
				LD_RUNPATH_SEARCH_PATHS = (
					"$(inherited)",
					"@executable_path/Frameworks",
				);
				MARKETING_VERSION = 1.0;
				PRODUCT_BUNDLE_IDENTIFIER = "group7.iOS-Programming-group7";
				PRODUCT_NAME = "iOS-Programming_group7";
				SDKROOT = iphoneos;
				SWIFT_EMIT_LOC_STRINGS = YES;
				SWIFT_VERSION = 5.0;
				TARGETED_DEVICE_FAMILY = "1,2";
				VALIDATE_PRODUCT = YES;
			};
			name = Release;
		};
		B0C6E060274747830036C626 /* Debug */ = {
			isa = XCBuildConfiguration;
			buildSettings = {
				ASSETCATALOG_COMPILER_APPICON_NAME = AppIcon;
				ASSETCATALOG_COMPILER_GLOBAL_ACCENT_COLOR_NAME = AccentColor;
				CODE_SIGN_ENTITLEMENTS = macOS/macOS.entitlements;
				CODE_SIGN_STYLE = Automatic;
				COMBINE_HIDPI_IMAGES = YES;
				CURRENT_PROJECT_VERSION = 1;
				ENABLE_PREVIEWS = YES;
				GENERATE_INFOPLIST_FILE = YES;
				INFOPLIST_KEY_NSHumanReadableCopyright = "";
				LD_RUNPATH_SEARCH_PATHS = (
					"$(inherited)",
					"@executable_path/../Frameworks",
				);
				MACOSX_DEPLOYMENT_TARGET = 12.0;
				MARKETING_VERSION = 1.0;
				PRODUCT_BUNDLE_IDENTIFIER = "group7.iOS-Programming-group7";
				PRODUCT_NAME = "iOS-Programming_group7";
				SDKROOT = macosx;
				SWIFT_EMIT_LOC_STRINGS = YES;
				SWIFT_VERSION = 5.0;
			};
			name = Debug;
		};
		B0C6E061274747830036C626 /* Release */ = {
			isa = XCBuildConfiguration;
			buildSettings = {
				ASSETCATALOG_COMPILER_APPICON_NAME = AppIcon;
				ASSETCATALOG_COMPILER_GLOBAL_ACCENT_COLOR_NAME = AccentColor;
				CODE_SIGN_ENTITLEMENTS = macOS/macOS.entitlements;
				CODE_SIGN_STYLE = Automatic;
				COMBINE_HIDPI_IMAGES = YES;
				CURRENT_PROJECT_VERSION = 1;
				ENABLE_PREVIEWS = YES;
				GENERATE_INFOPLIST_FILE = YES;
				INFOPLIST_KEY_NSHumanReadableCopyright = "";
				LD_RUNPATH_SEARCH_PATHS = (
					"$(inherited)",
					"@executable_path/../Frameworks",
				);
				MACOSX_DEPLOYMENT_TARGET = 12.0;
				MARKETING_VERSION = 1.0;
				PRODUCT_BUNDLE_IDENTIFIER = "group7.iOS-Programming-group7";
				PRODUCT_NAME = "iOS-Programming_group7";
				SDKROOT = macosx;
				SWIFT_EMIT_LOC_STRINGS = YES;
				SWIFT_VERSION = 5.0;
			};
			name = Release;
		};
		B0C6E063274747830036C626 /* Debug */ = {
			isa = XCBuildConfiguration;
			buildSettings = {
				ALWAYS_EMBED_SWIFT_STANDARD_LIBRARIES = YES;
				CODE_SIGN_STYLE = Automatic;
				CURRENT_PROJECT_VERSION = 1;
				GENERATE_INFOPLIST_FILE = YES;
				IPHONEOS_DEPLOYMENT_TARGET = 15.0;
				LD_RUNPATH_SEARCH_PATHS = (
					"$(inherited)",
					"@executable_path/Frameworks",
					"@loader_path/Frameworks",
				);
				MARKETING_VERSION = 1.0;
				PRODUCT_BUNDLE_IDENTIFIER = "group7.Tests-iOS";
				PRODUCT_NAME = "$(TARGET_NAME)";
				SDKROOT = iphoneos;
				SWIFT_EMIT_LOC_STRINGS = NO;
				SWIFT_VERSION = 5.0;
				TARGETED_DEVICE_FAMILY = "1,2";
				TEST_TARGET_NAME = "iOS-Programming_group7 (iOS)";
			};
			name = Debug;
		};
		B0C6E064274747830036C626 /* Release */ = {
			isa = XCBuildConfiguration;
			buildSettings = {
				ALWAYS_EMBED_SWIFT_STANDARD_LIBRARIES = YES;
				CODE_SIGN_STYLE = Automatic;
				CURRENT_PROJECT_VERSION = 1;
				GENERATE_INFOPLIST_FILE = YES;
				IPHONEOS_DEPLOYMENT_TARGET = 15.0;
				LD_RUNPATH_SEARCH_PATHS = (
					"$(inherited)",
					"@executable_path/Frameworks",
					"@loader_path/Frameworks",
				);
				MARKETING_VERSION = 1.0;
				PRODUCT_BUNDLE_IDENTIFIER = "group7.Tests-iOS";
				PRODUCT_NAME = "$(TARGET_NAME)";
				SDKROOT = iphoneos;
				SWIFT_EMIT_LOC_STRINGS = NO;
				SWIFT_VERSION = 5.0;
				TARGETED_DEVICE_FAMILY = "1,2";
				TEST_TARGET_NAME = "iOS-Programming_group7 (iOS)";
				VALIDATE_PRODUCT = YES;
			};
			name = Release;
		};
		B0C6E066274747830036C626 /* Debug */ = {
			isa = XCBuildConfiguration;
			buildSettings = {
				ALWAYS_EMBED_SWIFT_STANDARD_LIBRARIES = YES;
				CODE_SIGN_STYLE = Automatic;
				COMBINE_HIDPI_IMAGES = YES;
				CURRENT_PROJECT_VERSION = 1;
				GENERATE_INFOPLIST_FILE = YES;
				LD_RUNPATH_SEARCH_PATHS = (
					"$(inherited)",
					"@executable_path/../Frameworks",
					"@loader_path/../Frameworks",
				);
				MACOSX_DEPLOYMENT_TARGET = 12.0;
				MARKETING_VERSION = 1.0;
				PRODUCT_BUNDLE_IDENTIFIER = "group7.Tests-macOS";
				PRODUCT_NAME = "$(TARGET_NAME)";
				SDKROOT = macosx;
				SWIFT_EMIT_LOC_STRINGS = NO;
				SWIFT_VERSION = 5.0;
				TEST_TARGET_NAME = "iOS-Programming_group7 (macOS)";
			};
			name = Debug;
		};
		B0C6E067274747830036C626 /* Release */ = {
			isa = XCBuildConfiguration;
			buildSettings = {
				ALWAYS_EMBED_SWIFT_STANDARD_LIBRARIES = YES;
				CODE_SIGN_STYLE = Automatic;
				COMBINE_HIDPI_IMAGES = YES;
				CURRENT_PROJECT_VERSION = 1;
				GENERATE_INFOPLIST_FILE = YES;
				LD_RUNPATH_SEARCH_PATHS = (
					"$(inherited)",
					"@executable_path/../Frameworks",
					"@loader_path/../Frameworks",
				);
				MACOSX_DEPLOYMENT_TARGET = 12.0;
				MARKETING_VERSION = 1.0;
				PRODUCT_BUNDLE_IDENTIFIER = "group7.Tests-macOS";
				PRODUCT_NAME = "$(TARGET_NAME)";
				SDKROOT = macosx;
				SWIFT_EMIT_LOC_STRINGS = NO;
				SWIFT_VERSION = 5.0;
				TEST_TARGET_NAME = "iOS-Programming_group7 (macOS)";
			};
			name = Release;
		};
/* End XCBuildConfiguration section */

/* Begin XCConfigurationList section */
		B0C6E02A274747820036C626 /* Build configuration list for PBXProject "iOS-Programming_group7" */ = {
			isa = XCConfigurationList;
			buildConfigurations = (
				B0C6E05A274747830036C626 /* Debug */,
				B0C6E05B274747830036C626 /* Release */,
			);
			defaultConfigurationIsVisible = 0;
			defaultConfigurationName = Release;
		};
		B0C6E05C274747830036C626 /* Build configuration list for PBXNativeTarget "iOS-Programming_group7 (iOS)" */ = {
			isa = XCConfigurationList;
			buildConfigurations = (
				B0C6E05D274747830036C626 /* Debug */,
				B0C6E05E274747830036C626 /* Release */,
			);
			defaultConfigurationIsVisible = 0;
			defaultConfigurationName = Release;
		};
		B0C6E05F274747830036C626 /* Build configuration list for PBXNativeTarget "iOS-Programming_group7 (macOS)" */ = {
			isa = XCConfigurationList;
			buildConfigurations = (
				B0C6E060274747830036C626 /* Debug */,
				B0C6E061274747830036C626 /* Release */,
			);
			defaultConfigurationIsVisible = 0;
			defaultConfigurationName = Release;
		};
		B0C6E062274747830036C626 /* Build configuration list for PBXNativeTarget "Tests iOS" */ = {
			isa = XCConfigurationList;
			buildConfigurations = (
				B0C6E063274747830036C626 /* Debug */,
				B0C6E064274747830036C626 /* Release */,
			);
			defaultConfigurationIsVisible = 0;
			defaultConfigurationName = Release;
		};
		B0C6E065274747830036C626 /* Build configuration list for PBXNativeTarget "Tests macOS" */ = {
			isa = XCConfigurationList;
			buildConfigurations = (
				B0C6E066274747830036C626 /* Debug */,
				B0C6E067274747830036C626 /* Release */,
			);
			defaultConfigurationIsVisible = 0;
			defaultConfigurationName = Release;
		};
/* End XCConfigurationList section */
	};
	rootObject = B0C6E027274747820036C626 /* Project object */;
}
